// !$*UTF8*$!
{
	archiveVersion = 1;
	classes = {
	};
	objectVersion = 46;
	objects = {

/* Begin PBXBuildFile section */
		1298BF6A1B690BA500982132 /* main.m in Sources */ = {isa = PBXBuildFile; fileRef = 1298BF691B690BA500982132 /* main.m */; };
		1298BF6D1B690BA500982132 /* AppDelegate.m in Sources */ = {isa = PBXBuildFile; fileRef = 1298BF6C1B690BA500982132 /* AppDelegate.m */; };
		1298BF701B690BA500982132 /* twitterAPITest.xcdatamodeld in Sources */ = {isa = PBXBuildFile; fileRef = 1298BF6E1B690BA500982132 /* twitterAPITest.xcdatamodeld */; };
		1298BF731B690BA500982132 /* ViewController.m in Sources */ = {isa = PBXBuildFile; fileRef = 1298BF721B690BA500982132 /* ViewController.m */; };
		1298BF761B690BA500982132 /* Main.storyboard in Resources */ = {isa = PBXBuildFile; fileRef = 1298BF741B690BA500982132 /* Main.storyboard */; };
		1298BF781B690BA500982132 /* Images.xcassets in Resources */ = {isa = PBXBuildFile; fileRef = 1298BF771B690BA500982132 /* Images.xcassets */; };
		1298BF7B1B690BA500982132 /* LaunchScreen.xib in Resources */ = {isa = PBXBuildFile; fileRef = 1298BF791B690BA500982132 /* LaunchScreen.xib */; };
		1298BF871B690BA500982132 /* twitterAPITestTests.m in Sources */ = {isa = PBXBuildFile; fileRef = 1298BF861B690BA500982132 /* twitterAPITestTests.m */; };
		639C30C02F79A4B9ED46883E /* libPods-twitterAPITest.a in Frameworks */ = {isa = PBXBuildFile; fileRef = 8A7E948A678AF44080D7B78C /* libPods-twitterAPITest.a */; };
/* End PBXBuildFile section */

/* Begin PBXContainerItemProxy section */
		1298BF811B690BA500982132 /* PBXContainerItemProxy */ = {
			isa = PBXContainerItemProxy;
			containerPortal = 1298BF5C1B690BA500982132 /* Project object */;
			proxyType = 1;
			remoteGlobalIDString = 1298BF631B690BA500982132;
			remoteInfo = twitterAPITest;
		};
/* End PBXContainerItemProxy section */

/* Begin PBXFileReference section */
		1298BF641B690BA500982132 /* twitterAPITest.app */ = {isa = PBXFileReference; explicitFileType = wrapper.application; includeInIndex = 0; path = twitterAPITest.app; sourceTree = BUILT_PRODUCTS_DIR; };
		1298BF681B690BA500982132 /* Info.plist */ = {isa = PBXFileReference; lastKnownFileType = text.plist.xml; path = Info.plist; sourceTree = "<group>"; };
		1298BF691B690BA500982132 /* main.m */ = {isa = PBXFileReference; lastKnownFileType = sourcecode.c.objc; path = main.m; sourceTree = "<group>"; };
		1298BF6B1B690BA500982132 /* AppDelegate.h */ = {isa = PBXFileReference; lastKnownFileType = sourcecode.c.h; path = AppDelegate.h; sourceTree = "<group>"; };
		1298BF6C1B690BA500982132 /* AppDelegate.m */ = {isa = PBXFileReference; lastKnownFileType = sourcecode.c.objc; path = AppDelegate.m; sourceTree = "<group>"; };
		1298BF6F1B690BA500982132 /* twitterAPITest.xcdatamodel */ = {isa = PBXFileReference; lastKnownFileType = wrapper.xcdatamodel; path = twitterAPITest.xcdatamodel; sourceTree = "<group>"; };
		1298BF711B690BA500982132 /* ViewController.h */ = {isa = PBXFileReference; lastKnownFileType = sourcecode.c.h; path = ViewController.h; sourceTree = "<group>"; };
		1298BF721B690BA500982132 /* ViewController.m */ = {isa = PBXFileReference; lastKnownFileType = sourcecode.c.objc; path = ViewController.m; sourceTree = "<group>"; };
		1298BF751B690BA500982132 /* Base */ = {isa = PBXFileReference; lastKnownFileType = file.storyboard; name = Base; path = Base.lproj/Main.storyboard; sourceTree = "<group>"; };
		1298BF771B690BA500982132 /* Images.xcassets */ = {isa = PBXFileReference; lastKnownFileType = folder.assetcatalog; path = Images.xcassets; sourceTree = "<group>"; };
		1298BF7A1B690BA500982132 /* Base */ = {isa = PBXFileReference; lastKnownFileType = file.xib; name = Base; path = Base.lproj/LaunchScreen.xib; sourceTree = "<group>"; };
		1298BF801B690BA500982132 /* twitterAPITestTests.xctest */ = {isa = PBXFileReference; explicitFileType = wrapper.cfbundle; includeInIndex = 0; path = twitterAPITestTests.xctest; sourceTree = BUILT_PRODUCTS_DIR; };
		1298BF851B690BA500982132 /* Info.plist */ = {isa = PBXFileReference; lastKnownFileType = text.plist.xml; path = Info.plist; sourceTree = "<group>"; };
		1298BF861B690BA500982132 /* twitterAPITestTests.m */ = {isa = PBXFileReference; lastKnownFileType = sourcecode.c.objc; path = twitterAPITestTests.m; sourceTree = "<group>"; };
		24A38A3A17AC0D132FE6ABBB /* Pods-twitterAPITest.debug.xcconfig */ = {isa = PBXFileReference; includeInIndex = 1; lastKnownFileType = text.xcconfig; name = "Pods-twitterAPITest.debug.xcconfig"; path = "Pods/Target Support Files/Pods-twitterAPITest/Pods-twitterAPITest.debug.xcconfig"; sourceTree = "<group>"; };
		33A147EBDED3879755D037D5 /* Pods-twitterAPITest.release.xcconfig */ = {isa = PBXFileReference; includeInIndex = 1; lastKnownFileType = text.xcconfig; name = "Pods-twitterAPITest.release.xcconfig"; path = "Pods/Target Support Files/Pods-twitterAPITest/Pods-twitterAPITest.release.xcconfig"; sourceTree = "<group>"; };
		8A7E948A678AF44080D7B78C /* libPods-twitterAPITest.a */ = {isa = PBXFileReference; explicitFileType = archive.ar; includeInIndex = 0; path = "libPods-twitterAPITest.a"; sourceTree = BUILT_PRODUCTS_DIR; };
/* End PBXFileReference section */

/* Begin PBXFrameworksBuildPhase section */
		1298BF611B690BA500982132 /* Frameworks */ = {
			isa = PBXFrameworksBuildPhase;
			buildActionMask = 2147483647;
			files = (
				639C30C02F79A4B9ED46883E /* libPods-twitterAPITest.a in Frameworks */,
			);
			runOnlyForDeploymentPostprocessing = 0;
		};
		1298BF7D1B690BA500982132 /* Frameworks */ = {
			isa = PBXFrameworksBuildPhase;
			buildActionMask = 2147483647;
			files = (
			);
			runOnlyForDeploymentPostprocessing = 0;
		};
/* End PBXFrameworksBuildPhase section */

/* Begin PBXGroup section */
		1298BF5B1B690BA500982132 = {
			isa = PBXGroup;
			children = (
				1298BF661B690BA500982132 /* twitterAPITest */,
				1298BF831B690BA500982132 /* twitterAPITestTests */,
				1298BF651B690BA500982132 /* Products */,
				BE80F9F386C990B9037A1738 /* Pods */,
				424A74BEFDFC5070A16B492F /* Frameworks */,
			);
			sourceTree = "<group>";
		};
		1298BF651B690BA500982132 /* Products */ = {
			isa = PBXGroup;
			children = (
				1298BF641B690BA500982132 /* twitterAPITest.app */,
				1298BF801B690BA500982132 /* twitterAPITestTests.xctest */,
			);
			name = Products;
			sourceTree = "<group>";
		};
		1298BF661B690BA500982132 /* twitterAPITest */ = {
			isa = PBXGroup;
			children = (
				1298BF6B1B690BA500982132 /* AppDelegate.h */,
				1298BF6C1B690BA500982132 /* AppDelegate.m */,
				1298BF711B690BA500982132 /* ViewController.h */,
				1298BF721B690BA500982132 /* ViewController.m */,
				1298BF741B690BA500982132 /* Main.storyboard */,
				1298BF771B690BA500982132 /* Images.xcassets */,
				1298BF791B690BA500982132 /* LaunchScreen.xib */,
				1298BF6E1B690BA500982132 /* twitterAPITest.xcdatamodeld */,
				1298BF671B690BA500982132 /* Supporting Files */,
			);
			path = twitterAPITest;
			sourceTree = "<group>";
		};
		1298BF671B690BA500982132 /* Supporting Files */ = {
			isa = PBXGroup;
			children = (
				1298BF681B690BA500982132 /* Info.plist */,
				1298BF691B690BA500982132 /* main.m */,
			);
			name = "Supporting Files";
			sourceTree = "<group>";
		};
		1298BF831B690BA500982132 /* twitterAPITestTests */ = {
			isa = PBXGroup;
			children = (
				1298BF861B690BA500982132 /* twitterAPITestTests.m */,
				1298BF841B690BA500982132 /* Supporting Files */,
			);
			path = twitterAPITestTests;
			sourceTree = "<group>";
		};
		1298BF841B690BA500982132 /* Supporting Files */ = {
			isa = PBXGroup;
			children = (
				1298BF851B690BA500982132 /* Info.plist */,
			);
			name = "Supporting Files";
			sourceTree = "<group>";
		};
		424A74BEFDFC5070A16B492F /* Frameworks */ = {
			isa = PBXGroup;
			children = (
				8A7E948A678AF44080D7B78C /* libPods-twitterAPITest.a */,
			);
			name = Frameworks;
			sourceTree = "<group>";
		};
		BE80F9F386C990B9037A1738 /* Pods */ = {
			isa = PBXGroup;
			children = (
				24A38A3A17AC0D132FE6ABBB /* Pods-twitterAPITest.debug.xcconfig */,
				33A147EBDED3879755D037D5 /* Pods-twitterAPITest.release.xcconfig */,
			);
			name = Pods;
			sourceTree = "<group>";
		};
/* End PBXGroup section */

/* Begin PBXNativeTarget section */
		1298BF631B690BA500982132 /* twitterAPITest */ = {
			isa = PBXNativeTarget;
			buildConfigurationList = 1298BF8A1B690BA500982132 /* Build configuration list for PBXNativeTarget "twitterAPITest" */;
			buildPhases = (
				017909E470F0D271B26525B4 /* Check Pods Manifest.lock */,
				1298BF601B690BA500982132 /* Sources */,
				1298BF611B690BA500982132 /* Frameworks */,
				1298BF621B690BA500982132 /* Resources */,
				AA4BE2ED51EF719DF793B43F /* Copy Pods Resources */,
				1298BFA41B691CF900982132 /* ShellScript */,
			);
			buildRules = (
			);
			dependencies = (
			);
			name = twitterAPITest;
			productName = twitterAPITest;
			productReference = 1298BF641B690BA500982132 /* twitterAPITest.app */;
			productType = "com.apple.product-type.application";
		};
		1298BF7F1B690BA500982132 /* twitterAPITestTests */ = {
			isa = PBXNativeTarget;
			buildConfigurationList = 1298BF8D1B690BA500982132 /* Build configuration list for PBXNativeTarget "twitterAPITestTests" */;
			buildPhases = (
				1298BF7C1B690BA500982132 /* Sources */,
				1298BF7D1B690BA500982132 /* Frameworks */,
				1298BF7E1B690BA500982132 /* Resources */,
			);
			buildRules = (
			);
			dependencies = (
				1298BF821B690BA500982132 /* PBXTargetDependency */,
			);
			name = twitterAPITestTests;
			productName = twitterAPITestTests;
			productReference = 1298BF801B690BA500982132 /* twitterAPITestTests.xctest */;
			productType = "com.apple.product-type.bundle.unit-test";
		};
/* End PBXNativeTarget section */

/* Begin PBXProject section */
		1298BF5C1B690BA500982132 /* Project object */ = {
			isa = PBXProject;
			attributes = {
				LastUpgradeCheck = 0640;
				ORGANIZATIONNAME = "Emerge Media";
				TargetAttributes = {
					1298BF631B690BA500982132 = {
						CreatedOnToolsVersion = 6.4;
					};
					1298BF7F1B690BA500982132 = {
						CreatedOnToolsVersion = 6.4;
						TestTargetID = 1298BF631B690BA500982132;
					};
				};
			};
			buildConfigurationList = 1298BF5F1B690BA500982132 /* Build configuration list for PBXProject "twitterAPITest" */;
			compatibilityVersion = "Xcode 3.2";
			developmentRegion = English;
			hasScannedForEncodings = 0;
			knownRegions = (
				en,
				Base,
			);
			mainGroup = 1298BF5B1B690BA500982132;
			productRefGroup = 1298BF651B690BA500982132 /* Products */;
			projectDirPath = "";
			projectRoot = "";
			targets = (
				1298BF631B690BA500982132 /* twitterAPITest */,
				1298BF7F1B690BA500982132 /* twitterAPITestTests */,
			);
		};
/* End PBXProject section */

/* Begin PBXResourcesBuildPhase section */
		1298BF621B690BA500982132 /* Resources */ = {
			isa = PBXResourcesBuildPhase;
			buildActionMask = 2147483647;
			files = (
				1298BF761B690BA500982132 /* Main.storyboard in Resources */,
				1298BF7B1B690BA500982132 /* LaunchScreen.xib in Resources */,
				1298BF781B690BA500982132 /* Images.xcassets in Resources */,
			);
			runOnlyForDeploymentPostprocessing = 0;
		};
		1298BF7E1B690BA500982132 /* Resources */ = {
			isa = PBXResourcesBuildPhase;
			buildActionMask = 2147483647;
			files = (
			);
			runOnlyForDeploymentPostprocessing = 0;
		};
/* End PBXResourcesBuildPhase section */

/* Begin PBXShellScriptBuildPhase section */
		017909E470F0D271B26525B4 /* Check Pods Manifest.lock */ = {
			isa = PBXShellScriptBuildPhase;
			buildActionMask = 2147483647;
			files = (
			);
			inputPaths = (
			);
			name = "Check Pods Manifest.lock";
			outputPaths = (
			);
			runOnlyForDeploymentPostprocessing = 0;
			shellPath = /bin/sh;
			shellScript = "diff \"${PODS_ROOT}/../Podfile.lock\" \"${PODS_ROOT}/Manifest.lock\" > /dev/null\nif [[ $? != 0 ]] ; then\n    cat << EOM\nerror: The sandbox is not in sync with the Podfile.lock. Run 'pod install' or update your CocoaPods installation.\nEOM\n    exit 1\nfi\n";
			showEnvVarsInLog = 0;
		};
		1298BFA41B691CF900982132 /* ShellScript */ = {
			isa = PBXShellScriptBuildPhase;
			buildActionMask = 2147483647;
			files = (
			);
			inputPaths = (
			);
			outputPaths = (
			);
			runOnlyForDeploymentPostprocessing = 0;
			shellPath = /bin/sh;
			shellScript = "\"${PODS_ROOT}/Fabric/Fabric.framework/run\" 0a444dda87635265eafee1361da69fbe149978f0 683201513ab5314e844ab485b644b50f6b74000f1d009ada9e98b845bce0254f";
		};
		AA4BE2ED51EF719DF793B43F /* Copy Pods Resources */ = {
			isa = PBXShellScriptBuildPhase;
			buildActionMask = 2147483647;
			files = (
			);
			inputPaths = (
			);
			name = "Copy Pods Resources";
			outputPaths = (
			);
			runOnlyForDeploymentPostprocessing = 0;
			shellPath = /bin/sh;
			shellScript = "\"${SRCROOT}/Pods/Target Support Files/Pods-twitterAPITest/Pods-twitterAPITest-resources.sh\"\n";
			showEnvVarsInLog = 0;
		};
/* End PBXShellScriptBuildPhase section */

/* Begin PBXSourcesBuildPhase section */
		1298BF601B690BA500982132 /* Sources */ = {
			isa = PBXSourcesBuildPhase;
			buildActionMask = 2147483647;
			files = (
				1298BF6D1B690BA500982132 /* AppDelegate.m in Sources */,
				1298BF701B690BA500982132 /* twitterAPITest.xcdatamodeld in Sources */,
				1298BF731B690BA500982132 /* ViewController.m in Sources */,
				1298BF6A1B690BA500982132 /* main.m in Sources */,
			);
			runOnlyForDeploymentPostprocessing = 0;
		};
		1298BF7C1B690BA500982132 /* Sources */ = {
			isa = PBXSourcesBuildPhase;
			buildActionMask = 2147483647;
			files = (
				1298BF871B690BA500982132 /* twitterAPITestTests.m in Sources */,
			);
			runOnlyForDeploymentPostprocessing = 0;
		};
/* End PBXSourcesBuildPhase section */

/* Begin PBXTargetDependency section */
		1298BF821B690BA500982132 /* PBXTargetDependency */ = {
			isa = PBXTargetDependency;
			target = 1298BF631B690BA500982132 /* twitterAPITest */;
			targetProxy = 1298BF811B690BA500982132 /* PBXContainerItemProxy */;
		};
/* End PBXTargetDependency section */

/* Begin PBXVariantGroup section */
		1298BF741B690BA500982132 /* Main.storyboard */ = {
			isa = PBXVariantGroup;
			children = (
				1298BF751B690BA500982132 /* Base */,
			);
			name = Main.storyboard;
			sourceTree = "<group>";
		};
		1298BF791B690BA500982132 /* LaunchScreen.xib */ = {
			isa = PBXVariantGroup;
			children = (
				1298BF7A1B690BA500982132 /* Base */,
			);
			name = LaunchScreen.xib;
			sourceTree = "<group>";
		};
/* End PBXVariantGroup section */

/* Begin XCBuildConfiguration section */
		1298BF881B690BA500982132 /* Debug */ = {
			isa = XCBuildConfiguration;
			buildSettings = {
				ALWAYS_SEARCH_USER_PATHS = NO;
				CLANG_CXX_LANGUAGE_STANDARD = "gnu++0x";
				CLANG_CXX_LIBRARY = "libc++";
				CLANG_ENABLE_MODULES = YES;
				CLANG_ENABLE_OBJC_ARC = YES;
				CLANG_WARN_BOOL_CONVERSION = YES;
				CLANG_WARN_CONSTANT_CONVERSION = YES;
				CLANG_WARN_DIRECT_OBJC_ISA_USAGE = YES_ERROR;
				CLANG_WARN_EMPTY_BODY = YES;
				CLANG_WARN_ENUM_CONVERSION = YES;
				CLANG_WARN_INT_CONVERSION = YES;
				CLANG_WARN_OBJC_ROOT_CLASS = YES_ERROR;
				CLANG_WARN_UNREACHABLE_CODE = YES;
				CLANG_WARN__DUPLICATE_METHOD_MATCH = YES;
				"CODE_SIGN_IDENTITY[sdk=iphoneos*]" = "iPhone Developer";
				COPY_PHASE_STRIP = NO;
				DEBUG_INFORMATION_FORMAT = "dwarf-with-dsym";
				ENABLE_STRICT_OBJC_MSGSEND = YES;
				GCC_C_LANGUAGE_STANDARD = gnu99;
				GCC_DYNAMIC_NO_PIC = NO;
				GCC_NO_COMMON_BLOCKS = YES;
				GCC_OPTIMIZATION_LEVEL = 0;
				GCC_PREPROCESSOR_DEFINITIONS = (
					"DEBUG=1",
					"$(inherited)",
				);
				GCC_SYMBOLS_PRIVATE_EXTERN = NO;
				GCC_WARN_64_TO_32_BIT_CONVERSION = YES;
				GCC_WARN_ABOUT_RETURN_TYPE = YES_ERROR;
				GCC_WARN_UNDECLARED_SELECTOR = YES;
				GCC_WARN_UNINITIALIZED_AUTOS = YES_AGGRESSIVE;
				GCC_WARN_UNUSED_FUNCTION = YES;
				GCC_WARN_UNUSED_VARIABLE = YES;
				IPHONEOS_DEPLOYMENT_TARGET = 8.4;
				MTL_ENABLE_DEBUG_INFO = YES;
				ONLY_ACTIVE_ARCH = YES;
				SDKROOT = iphoneos;
				TARGETED_DEVICE_FAMILY = "1,2";
			};
			name = Debug;
		};
		1298BF891B690BA500982132 /* Release */ = {
			isa = XCBuildConfiguration;
			buildSettings = {
				ALWAYS_SEARCH_USER_PATHS = NO;
				CLANG_CXX_LANGUAGE_STANDARD = "gnu++0x";
				CLANG_CXX_LIBRARY = "libc++";
				CLANG_ENABLE_MODULES = YES;
				CLANG_ENABLE_OBJC_ARC = YES;
				CLANG_WARN_BOOL_CONVERSION = YES;
				CLANG_WARN_CONSTANT_CONVERSION = YES;
				CLANG_WARN_DIRECT_OBJC_ISA_USAGE = YES_ERROR;
				CLANG_WARN_EMPTY_BODY = YES;
				CLANG_WARN_ENUM_CONVERSION = YES;
				CLANG_WARN_INT_CONVERSION = YES;
				CLANG_WARN_OBJC_ROOT_CLASS = YES_ERROR;
				CLANG_WARN_UNREACHABLE_CODE = YES;
				CLANG_WARN__DUPLICATE_METHOD_MATCH = YES;
				"CODE_SIGN_IDENTITY[sdk=iphoneos*]" = "iPhone Developer";
				COPY_PHASE_STRIP = NO;
				DEBUG_INFORMATION_FORMAT = "dwarf-with-dsym";
				ENABLE_NS_ASSERTIONS = NO;
				ENABLE_STRICT_OBJC_MSGSEND = YES;
				GCC_C_LANGUAGE_STANDARD = gnu99;
				GCC_NO_COMMON_BLOCKS = YES;
				GCC_WARN_64_TO_32_BIT_CONVERSION = YES;
				GCC_WARN_ABOUT_RETURN_TYPE = YES_ERROR;
				GCC_WARN_UNDECLARED_SELECTOR = YES;
				GCC_WARN_UNINITIALIZED_AUTOS = YES_AGGRESSIVE;
				GCC_WARN_UNUSED_FUNCTION = YES;
				GCC_WARN_UNUSED_VARIABLE = YES;
				IPHONEOS_DEPLOYMENT_TARGET = 8.4;
				MTL_ENABLE_DEBUG_INFO = NO;
				SDKROOT = iphoneos;
				TARGETED_DEVICE_FAMILY = "1,2";
				VALIDATE_PRODUCT = YES;
			};
			name = Release;
		};
		1298BF8B1B690BA500982132 /* Debug */ = {
			isa = XCBuildConfiguration;
			baseConfigurationReference = 24A38A3A17AC0D132FE6ABBB /* Pods-twitterAPITest.debug.xcconfig */;
			buildSettings = {
				ASSETCATALOG_COMPILER_APPICON_NAME = AppIcon;
				INFOPLIST_FILE = twitterAPITest/Info.plist;
				LD_RUNPATH_SEARCH_PATHS = "$(inherited) @executable_path/Frameworks";
				PRODUCT_NAME = "$(TARGET_NAME)";
			};
			name = Debug;
		};
		1298BF8C1B690BA500982132 /* Release */ = {
			isa = XCBuildConfiguration;
			baseConfigurationReference = 33A147EBDED3879755D037D5 /* Pods-twitterAPITest.release.xcconfig */;
			buildSettings = {
				ASSETCATALOG_COMPILER_APPICON_NAME = AppIcon;
				INFOPLIST_FILE = twitterAPITest/Info.plist;
				LD_RUNPATH_SEARCH_PATHS = "$(inherited) @executable_path/Frameworks";
				PRODUCT_NAME = "$(TARGET_NAME)";
			};
			name = Release;
		};
		1298BF8E1B690BA500982132 /* Debug */ = {
			isa = XCBuildConfiguration;
			buildSettings = {
				BUNDLE_LOADER = "$(TEST_HOST)";
				FRAMEWORK_SEARCH_PATHS = (
					"$(SDKROOT)/Developer/Library/Frameworks",
					"$(inherited)",
				);
				GCC_PREPROCESSOR_DEFINITIONS = (
					"DEBUG=1",
					"$(inherited)",
				);
				INFOPLIST_FILE = twitterAPITestTests/Info.plist;
				LD_RUNPATH_SEARCH_PATHS = "$(inherited) @executable_path/Frameworks @loader_path/Frameworks";
				PRODUCT_NAME = "$(TARGET_NAME)";
				TEST_HOST = "$(BUILT_PRODUCTS_DIR)/twitterAPITest.app/twitterAPITest";
			};
			name = Debug;
		};
		1298BF8F1B690BA500982132 /* Release */ = {
			isa = XCBuildConfiguration;
			buildSettings = {
				BUNDLE_LOADER = "$(TEST_HOST)";
				FRAMEWORK_SEARCH_PATHS = (
					"$(SDKROOT)/Developer/Library/Frameworks",
					"$(inherited)",
				);
				INFOPLIST_FILE = twitterAPITestTests/Info.plist;
				LD_RUNPATH_SEARCH_PATHS = "$(inherited) @executable_path/Frameworks @loader_path/Frameworks";
				PRODUCT_NAME = "$(TARGET_NAME)";
				TEST_HOST = "$(BUILT_PRODUCTS_DIR)/twitterAPITest.app/twitterAPITest";
			};
			name = Release;
		};
/* End XCBuildConfiguration section */

/* Begin XCConfigurationList section */
		1298BF5F1B690BA500982132 /* Build configuration list for PBXProject "twitterAPITest" */ = {
			isa = XCConfigurationList;
			buildConfigurations = (
				1298BF881B690BA500982132 /* Debug */,
				1298BF891B690BA500982132 /* Release */,
			);
			defaultConfigurationIsVisible = 0;
			defaultConfigurationName = Release;
		};
		1298BF8A1B690BA500982132 /* Build configuration list for PBXNativeTarget "twitterAPITest" */ = {
			isa = XCConfigurationList;
			buildConfigurations = (
				1298BF8B1B690BA500982132 /* Debug */,
				1298BF8C1B690BA500982132 /* Release */,
			);
			defaultConfigurationIsVisible = 0;
			defaultConfigurationName = Release;
		};
		1298BF8D1B690BA500982132 /* Build configuration list for PBXNativeTarget "twitterAPITestTests" */ = {
			isa = XCConfigurationList;
			buildConfigurations = (
				1298BF8E1B690BA500982132 /* Debug */,
				1298BF8F1B690BA500982132 /* Release */,
			);
			defaultConfigurationIsVisible = 0;
			defaultConfigurationName = Release;
		};
/* End XCConfigurationList section */

/* Begin XCVersionGroup section */
		1298BF6E1B690BA500982132 /* twitterAPITest.xcdatamodeld */ = {
			isa = XCVersionGroup;
			children = (
				1298BF6F1B690BA500982132 /* twitterAPITest.xcdatamodel */,
			);
			currentVersion = 1298BF6F1B690BA500982132 /* twitterAPITest.xcdatamodel */;
			path = twitterAPITest.xcdatamodeld;
			sourceTree = "<group>";
			versionGroupType = wrapper.xcdatamodel;
		};
/* End XCVersionGroup section */
	};
	rootObject = 1298BF5C1B690BA500982132 /* Project object */;
}
